
Microsoft Visual Studio Solution File, Format Version 12.00
# Visual Studio Version 17
VisualStudioVersion = 17.4.33213.308
MinimumVisualStudioVersion = 10.0.40219.1
Project("{FAE04EC0-301F-11D3-BF4B-00C04F79EFBC}") = "EntityFrameworkExercise", "EntityFrameworkExercise\EntityFrameworkExercise.csproj", "{FD71E882-FE1A-46B4-914C-65EA91F8AFF6}"
EndProject
Global
	GlobalSection(SolutionConfigurationPlatforms) = preSolution
		Debug|Any CPU = Debug|Any CPU
		Release|Any CPU = Release|Any CPU
	EndGlobalSection
	GlobalSection(ProjectConfigurationPlatforms) = postSolution
		{FD71E882-FE1A-46B4-914C-65EA91F8AFF6}.Debug|Any CPU.ActiveCfg = Debug|Any CPU
		{FD71E882-FE1A-46B4-914C-65EA91F8AFF6}.Debug|Any CPU.Build.0 = Debug|Any CPU
		{FD71E882-FE1A-46B4-914C-65EA91F8AFF6}.Release|Any CPU.ActiveCfg = Release|Any CPU
		{FD71E882-FE1A-46B4-914C-65EA91F8AFF6}.Release|Any CPU.Build.0 = Release|Any CPU
	EndGlobalSection
	GlobalSection(SolutionProperties) = preSolution
		HideSolutionNode = FALSE
	EndGlobalSection
	GlobalSection(ExtensibilityGlobals) = postSolution
		SolutionGuid = {274251FB-26B1-4374-ADA2-ACAC6127BDB7}
	EndGlobalSection
EndGlobal
